{
	"name": "neovimcraft",
	"lockfileVersion": 3,
	"requires": true,
	"packages": {
		"": {
			"name": "neovimcraft",
			"dependencies": {
				"koa": "^2.15.3",
				"koa-static": "^5.0.0",
				"marked": "^12.0.2"
			},
			"devDependencies": {
				"@biomejs/biome": "^2.2.7",
				"@types/koa": "^2.15.0",
				"@types/koa-static": "^4.0.4",
				"@types/marked": "^6.0.0",
				"@types/node": "^22.13.0",
				"typescript": "^5.7.0"
			}
		},
		"node_modules/@biomejs/biome": {
			"version": "2.2.7",
			"dev": true,
			"license": "MIT OR Apache-2.0",
			"bin": {
				"biome": "bin/biome"
			},
			"engines": {
				"node": ">=14.21.3"
			},
			"funding": {
				"type": "opencollective",
				"url": "https://opencollective.com/biome"
			},
			"optionalDependencies": {
				"@biomejs/cli-darwin-arm64": "2.2.7",
				"@biomejs/cli-darwin-x64": "2.2.7",
				"@biomejs/cli-linux-arm64": "2.2.7",
				"@biomejs/cli-linux-arm64-musl": "2.2.7",
				"@biomejs/cli-linux-x64": "2.2.7",
				"@biomejs/cli-linux-x64-musl": "2.2.7",
				"@biomejs/cli-win32-arm64": "2.2.7",
				"@biomejs/cli-win32-x64": "2.2.7"
			}
		},
		"node_modules/@biomejs/cli-darwin-arm64": {
			"version": "2.2.7",
			"resolved": "https://registry.npmjs.org/@biomejs/cli-darwin-arm64/-/cli-darwin-arm64-2.2.7.tgz",
			"integrity": "sha512-xBUUsebnO2/Qj1v7eZmKUy2ZcFkZ4/jLUkxN02Qup1RPoRaiW9AKXHrqS3L7iX6PzofHY2xuZ+Pb9kAcpoe0qA==",
			"cpu": [
				"arm64"
			],
			"dev": true,
			"license": "MIT OR Apache-2.0",
			"optional": true,
			"os": [
				"darwin"
			],
			"engines": {
				"node": ">=14.21.3"
			}
		},
		"node_modules/@biomejs/cli-darwin-x64": {
			"version": "2.2.7",
			"resolved": "https://registry.npmjs.org/@biomejs/cli-darwin-x64/-/cli-darwin-x64-2.2.7.tgz",
			"integrity": "sha512-vsY4NhmxqgfLJufr9XUnC+yGUPJiXAc1mz6FcjaAmuIuLwfghN4uQO7hnW2AneGyoi2mNe9Jbvf6Qtq4AjzrFg==",
			"cpu": [
				"x64"
			],
			"dev": true,
			"license": "MIT OR Apache-2.0",
			"optional": true,
			"os": [
				"darwin"
			],
			"engines": {
				"node": ">=14.21.3"
			}
		},
		"node_modules/@biomejs/cli-linux-arm64": {
			"version": "2.2.7",
			"resolved": "https://registry.npmjs.org/@biomejs/cli-linux-arm64/-/cli-linux-arm64-2.2.7.tgz",
			"integrity": "sha512-nUdco104rjV9dULi1VssQ5R/kX2jE/Z2sDjyqS+siV9sTQda0DwmEUixFNRCWvZJRRiZUWhgiDFJ4n7RowO8Mg==",
			"cpu": [
				"arm64"
			],
			"dev": true,
			"libc": [
				"glibc"
			],
			"license": "MIT OR Apache-2.0",
			"optional": true,
			"os": [
				"linux"
			],
			"engines": {
				"node": ">=14.21.3"
			}
		},
		"node_modules/@biomejs/cli-linux-arm64-musl": {
			"version": "2.2.7",
			"resolved": "https://registry.npmjs.org/@biomejs/cli-linux-arm64-musl/-/cli-linux-arm64-musl-2.2.7.tgz",
			"integrity": "sha512-FrTwvKO/7t5HbVTvhlMOTOVQLAcR7r4O4iFQhEpZXUtBfosHqrX/JJlX7daPawoe14MDcCu9CDg0zLVpTuDvuQ==",
			"cpu": [
				"arm64"
			],
			"dev": true,
			"libc": [
				"musl"
			],
			"license": "MIT OR Apache-2.0",
			"optional": true,
			"os": [
				"linux"
			],
			"engines": {
				"node": ">=14.21.3"
			}
		},
		"node_modules/@biomejs/cli-linux-x64": {
			"version": "2.2.7",
			"cpu": [
				"x64"
			],
			"dev": true,
			"libc": [
				"glibc"
			],
			"license": "MIT OR Apache-2.0",
			"optional": true,
			"os": [
				"linux"
			],
			"engines": {
				"node": ">=14.21.3"
			}
		},
		"node_modules/@biomejs/cli-linux-x64-musl": {
			"version": "2.2.7",
			"cpu": [
				"x64"
			],
			"dev": true,
			"libc": [
				"musl"
			],
			"license": "MIT OR Apache-2.0",
			"optional": true,
			"os": [
				"linux"
			],
			"engines": {
				"node": ">=14.21.3"
			}
		},
		"node_modules/@biomejs/cli-win32-arm64": {
			"version": "2.2.7",
			"resolved": "https://registry.npmjs.org/@biomejs/cli-win32-arm64/-/cli-win32-arm64-2.2.7.tgz",
			"integrity": "sha512-h5D1jhwA2b7cFXerYiJfXHSzzAMFFoEDL5Mc2BgiaEw0iaSgSso/3Nc6FbOR55aTQISql+IpB4PS7JoV26Gdbw==",
			"cpu": [
				"arm64"
			],
			"dev": true,
			"license": "MIT OR Apache-2.0",
			"optional": true,
			"os": [
				"win32"
			],
			"engines": {
				"node": ">=14.21.3"
			}
		},
		"node_modules/@biomejs/cli-win32-x64": {
			"version": "2.2.7",
			"resolved": "https://registry.npmjs.org/@biomejs/cli-win32-x64/-/cli-win32-x64-2.2.7.tgz",
			"integrity": "sha512-URqAJi0kONyBKG4V9NVafHLDtm6IHmF4qPYi/b6x7MD6jxpWeJiTCO6R5+xDlWckX2T/OGv6Yq3nkz6s0M8Ykw==",
			"cpu": [
				"x64"
			],
			"dev": true,
			"license": "MIT OR Apache-2.0",
			"optional": true,
			"os": [
				"win32"
			],
			"engines": {
				"node": ">=14.21.3"
			}
		},
		"node_modules/@types/accepts": {
			"version": "1.3.7",
			"dev": true,
			"license": "MIT",
			"dependencies": {
				"@types/node": "*"
			}
		},
		"node_modules/@types/body-parser": {
			"version": "1.19.6",
			"dev": true,
			"license": "MIT",
			"dependencies": {
				"@types/connect": "*",
				"@types/node": "*"
			}
		},
		"node_modules/@types/connect": {
			"version": "3.4.38",
			"dev": true,
			"license": "MIT",
			"dependencies": {
				"@types/node": "*"
			}
		},
		"node_modules/@types/content-disposition": {
			"version": "0.5.9",
			"dev": true,
			"license": "MIT"
		},
		"node_modules/@types/cookies": {
			"version": "0.9.1",
			"dev": true,
			"license": "MIT",
			"dependencies": {
				"@types/connect": "*",
				"@types/express": "*",
				"@types/keygrip": "*",
				"@types/node": "*"
			}
		},
		"node_modules/@types/express": {
			"version": "5.0.3",
			"dev": true,
			"license": "MIT",
			"dependencies": {
				"@types/body-parser": "*",
				"@types/express-serve-static-core": "^5.0.0",
				"@types/serve-static": "*"
			}
		},
		"node_modules/@types/express-serve-static-core": {
			"version": "5.1.0",
			"dev": true,
			"license": "MIT",
			"dependencies": {
				"@types/node": "*",
				"@types/qs": "*",
				"@types/range-parser": "*",
				"@types/send": "*"
			}
		},
		"node_modules/@types/http-assert": {
			"version": "1.5.6",
			"dev": true,
			"license": "MIT"
		},
		"node_modules/@types/http-errors": {
			"version": "2.0.5",
			"dev": true,
			"license": "MIT"
		},
		"node_modules/@types/keygrip": {
			"version": "1.0.6",
			"dev": true,
			"license": "MIT"
		},
		"node_modules/@types/koa": {
			"version": "2.15.0",
			"dev": true,
			"license": "MIT",
			"dependencies": {
				"@types/accepts": "*",
				"@types/content-disposition": "*",
				"@types/cookies": "*",
				"@types/http-assert": "*",
				"@types/http-errors": "*",
				"@types/keygrip": "*",
				"@types/koa-compose": "*",
				"@types/node": "*"
			}
		},
		"node_modules/@types/koa-compose": {
			"version": "3.2.8",
			"dev": true,
			"license": "MIT",
			"dependencies": {
				"@types/koa": "*"
			}
		},
		"node_modules/@types/koa-send": {
			"version": "4.1.6",
			"resolved": "https://registry.npmjs.org/@types/koa-send/-/koa-send-4.1.6.tgz",
			"integrity": "sha512-vgnNGoOJkx7FrF0Jl6rbK1f8bBecqAchKpXtKuXzqIEdXTDO6dsSTjr+eZ5m7ltSjH4K/E7auNJEQCAd0McUPA==",
			"dev": true,
			"license": "MIT",
			"dependencies": {
				"@types/koa": "*"
			}
		},
		"node_modules/@types/koa-static": {
			"version": "4.0.4",
			"resolved": "https://registry.npmjs.org/@types/koa-static/-/koa-static-4.0.4.tgz",
			"integrity": "sha512-j1AUzzl7eJYEk9g01hNTlhmipFh8RFbOQmaMNLvLcNNAkPw0bdTs3XTa3V045XFlrWN0QYnblbDJv2RzawTn6A==",
			"dev": true,
			"license": "MIT",
			"dependencies": {
				"@types/koa": "*",
				"@types/koa-send": "*"
			}
		},
		"node_modules/@types/marked": {
			"version": "6.0.0",
			"deprecated": "This is a stub types definition. marked provides its own type definitions, so you do not need this installed.",
			"dev": true,
			"license": "MIT",
			"dependencies": {
				"marked": "*"
			}
		},
		"node_modules/@types/mime": {
			"version": "1.3.5",
			"dev": true,
			"license": "MIT"
		},
		"node_modules/@types/node": {
			"version": "22.20.1",
			"resolved": "https://registry.npmjs.org/@types/node/-/node-22.20.1.tgz",
			"integrity": "sha512-EANqOCF9QFyra+4pfxUcX9STKJpCLjMbObVzljIJomAWSnuSIEAvyzEU53GaajbXJEgdh0iEcPL+DGvpUd4k1Q==",
			"dev": true,
			"license": "MIT",
			"dependencies": {
				"undici-types": "~6.21.0"
			}
		},
		"node_modules/@types/qs": {
			"version": "6.14.0",
			"dev": true,
			"license": "MIT"
		},
		"node_modules/@types/range-parser": {
			"version": "1.2.7",
			"dev": true,
			"license": "MIT"
		},
		"node_modules/@types/send": {
			"version": "0.17.5",
			"dev": true,
			"license": "MIT",
			"dependencies": {
				"@types/mime": "^1",
				"@types/node": "*"
			}
		},
		"node_modules/@types/serve-static": {
			"version": "1.15.9",
			"dev": true,
			"license": "MIT",
			"dependencies": {
				"@types/http-errors": "*",
				"@types/node": "*",
				"@types/send": "<1"
			}
		},
		"node_modules/accepts": {
			"version": "1.3.8",
			"license": "MIT",
			"dependencies": {
				"mime-types": "~2.1.34",
				"negotiator": "0.6.3"
			},
			"engines": {
				"node": ">= 0.6"
			}
		},
		"node_modules/cache-content-type": {
			"version": "1.0.1",
			"license": "MIT",
			"dependencies": {
				"mime-types": "^2.1.18",
				"ylru": "^1.2.0"
			},
			"engines": {
				"node": ">= 6.0.0"
			}
		},
		"node_modules/call-bind-apply-helpers": {
			"version": "1.0.2",
			"license": "MIT",
			"dependencies": {
				"es-errors": "^1.3.0",
				"function-bind": "^1.1.2"
			},
			"engines": {
				"node": ">= 0.4"
			}
		},
		"node_modules/call-bound": {
			"version": "1.0.4",
			"license": "MIT",
			"dependencies": {
				"call-bind-apply-helpers": "^1.0.2",
				"get-intrinsic": "^1.3.0"
			},
			"engines": {
				"node": ">= 0.4"
			},
			"funding": {
				"url": "https://github.com/sponsors/ljharb"
			}
		},
		"node_modules/co": {
			"version": "4.6.0",
			"license": "MIT",
			"engines": {
				"iojs": ">= 1.0.0",
				"node": ">= 0.12.0"
			}
		},
		"node_modules/content-disposition": {
			"version": "0.5.4",
			"license": "MIT",
			"dependencies": {
				"safe-buffer": "5.2.1"
			},
			"engines": {
				"node": ">= 0.6"
			}
		},
		"node_modules/content-type": {
			"version": "1.0.5",
			"license": "MIT",
			"engines": {
				"node": ">= 0.6"
			}
		},
		"node_modules/cookies": {
			"version": "0.9.1",
			"license": "MIT",
			"dependencies": {
				"depd": "~2.0.0",
				"keygrip": "~1.1.0"
			},
			"engines": {
				"node": ">= 0.8"
			}
		},
		"node_modules/debug": {
			"version": "4.4.3",
			"license": "MIT",
			"dependencies": {
				"ms": "^2.1.3"
			},
			"engines": {
				"node": ">=6.0"
			},
			"peerDependenciesMeta": {
				"supports-color": {
					"optional": true
				}
			}
		},
		"node_modules/deep-equal": {
			"version": "1.0.1",
			"license": "MIT"
		},
		"node_modules/delegates": {
			"version": "1.0.0",
			"license": "MIT"
		},
		"node_modules/depd": {
			"version": "2.0.0",
			"license": "MIT",
			"engines": {
				"node": ">= 0.8"
			}
		},
		"node_modules/destroy": {
			"version": "1.2.0",
			"license": "MIT",
			"engines": {
				"node": ">= 0.8",
				"npm": "1.2.8000 || >= 1.4.16"
			}
		},
		"node_modules/dunder-proto": {
			"version": "1.0.1",
			"license": "MIT",
			"dependencies": {
				"call-bind-apply-helpers": "^1.0.1",
				"es-errors": "^1.3.0",
				"gopd": "^1.2.0"
			},
			"engines": {
				"node": ">= 0.4"
			}
		},
		"node_modules/ee-first": {
			"version": "1.1.1",
			"license": "MIT"
		},
		"node_modules/encodeurl": {
			"version": "1.0.2",
			"license": "MIT",
			"engines": {
				"node": ">= 0.8"
			}
		},
		"node_modules/es-define-property": {
			"version": "1.0.1",
			"license": "MIT",
			"engines": {
				"node": ">= 0.4"
			}
		},
		"node_modules/es-errors": {
			"version": "1.3.0",
			"license": "MIT",
			"engines": {
				"node": ">= 0.4"
			}
		},
		"node_modules/es-object-atoms": {
			"version": "1.1.1",
			"license": "MIT",
			"dependencies": {
				"es-errors": "^1.3.0"
			},
			"engines": {
				"node": ">= 0.4"
			}
		},
		"node_modules/escape-html": {
			"version": "1.0.3",
			"license": "MIT"
		},
		"node_modules/fresh": {
			"version": "0.5.2",
			"license": "MIT",
			"engines": {
				"node": ">= 0.6"
			}
		},
		"node_modules/function-bind": {
			"version": "1.1.2",
			"license": "MIT",
			"funding": {
				"url": "https://github.com/sponsors/ljharb"
			}
		},
		"node_modules/generator-function": {
			"version": "2.0.1",
			"license": "MIT",
			"engines": {
				"node": ">= 0.4"
			}
		},
		"node_modules/get-intrinsic": {
			"version": "1.3.0",
			"license": "MIT",
			"dependencies": {
				"call-bind-apply-helpers": "^1.0.2",
				"es-define-property": "^1.0.1",
				"es-errors": "^1.3.0",
				"es-object-atoms": "^1.1.1",
				"function-bind": "^1.1.2",
				"get-proto": "^1.0.1",
				"gopd": "^1.2.0",
				"has-symbols": "^1.1.0",
				"hasown": "^2.0.2",
				"math-intrinsics": "^1.1.0"
			},
			"engines": {
				"node": ">= 0.4"
			},
			"funding": {
				"url": "https://github.com/sponsors/ljharb"
			}
		},
		"node_modules/get-proto": {
			"version": "1.0.1",
			"license": "MIT",
			"dependencies": {
				"dunder-proto": "^1.0.1",
				"es-object-atoms": "^1.0.0"
			},
			"engines": {
				"node": ">= 0.4"
			}
		},
		"node_modules/gopd": {
			"version": "1.2.0",
			"license": "MIT",
			"engines": {
				"node": ">= 0.4"
			},
			"funding": {
				"url": "https://github.com/sponsors/ljharb"
			}
		},
		"node_modules/has-symbols": {
			"version": "1.1.0",
			"license": "MIT",
			"engines": {
				"node": ">= 0.4"
			},
			"funding": {
				"url": "https://github.com/sponsors/ljharb"
			}
		},
		"node_modules/has-tostringtag": {
			"version": "1.0.2",
			"license": "MIT",
			"dependencies": {
				"has-symbols": "^1.0.3"
			},
			"engines": {
				"node": ">= 0.4"
			},
			"funding": {
				"url": "https://github.com/sponsors/ljharb"
			}
		},
		"node_modules/hasown": {
			"version": "2.0.2",
			"license": "MIT",
			"dependencies": {
				"function-bind": "^1.1.2"
			},
			"engines": {
				"node": ">= 0.4"
			}
		},
		"node_modules/http-assert": {
			"version": "1.5.0",
			"license": "MIT",
			"dependencies": {
				"deep-equal": "~1.0.1",
				"http-errors": "~1.8.0"
			},
			"engines": {
				"node": ">= 0.8"
			}
		},
		"node_modules/http-errors": {
			"version": "1.8.1",
			"license": "MIT",
			"dependencies": {
				"depd": "~1.1.2",
				"inherits": "2.0.4",
				"setprototypeof": "1.2.0",
				"statuses": ">= 1.5.0 < 2",
				"toidentifier": "1.0.1"
			},
			"engines": {
				"node": ">= 0.6"
			}
		},
		"node_modules/http-errors/node_modules/depd": {
			"version": "1.1.2",
			"license": "MIT",
			"engines": {
				"node": ">= 0.6"
			}
		},
		"node_modules/inherits": {
			"version": "2.0.4",
			"license": "ISC"
		},
		"node_modules/is-generator-function": {
			"version": "1.1.2",
			"license": "MIT",
			"dependencies": {
				"call-bound": "^1.0.4",
				"generator-function": "^2.0.0",
				"get-proto": "^1.0.1",
				"has-tostringtag": "^1.0.2",
				"safe-regex-test": "^1.1.0"
			},
			"engines": {
				"node": ">= 0.4"
			},
			"funding": {
				"url": "https://github.com/sponsors/ljharb"
			}
		},
		"node_modules/is-regex": {
			"version": "1.2.1",
			"license": "MIT",
			"dependencies": {
				"call-bound": "^1.0.2",
				"gopd": "^1.2.0",
				"has-tostringtag": "^1.0.2",
				"hasown": "^2.0.2"
			},
			"engines": {
				"node": ">= 0.4"
			},
			"funding": {
				"url": "https://github.com/sponsors/ljharb"
			}
		},
		"node_modules/keygrip": {
			"version": "1.1.0",
			"license": "MIT",
			"dependencies": {
				"tsscmp": "1.0.6"
			},
			"engines": {
				"node": ">= 0.6"
			}
		},
		"node_modules/koa": {
			"version": "2.16.3",
			"license": "MIT",
			"dependencies": {
				"accepts": "^1.3.5",
				"cache-content-type": "^1.0.0",
				"content-disposition": "~0.5.2",
				"content-type": "^1.0.4",
				"cookies": "~0.9.0",
				"debug": "^4.3.2",
				"delegates": "^1.0.0",
				"depd": "^2.0.0",
				"destroy": "^1.0.4",
				"encodeurl": "^1.0.2",
				"escape-html": "^1.0.3",
				"fresh": "~0.5.2",
				"http-assert": "^1.3.0",
				"http-errors": "^1.6.3",
				"is-generator-function": "^1.0.7",
				"koa-compose": "^4.1.0",
				"koa-convert": "^2.0.0",
				"on-finished": "^2.3.0",
				"only": "~0.0.2",
				"parseurl": "^1.3.2",
				"statuses": "^1.5.0",
				"type-is": "^1.6.16",
				"vary": "^1.1.2"
			},
			"engines": {
				"node": "^4.8.4 || ^6.10.1 || ^7.10.1 || >= 8.1.4"
			}
		},
		"node_modules/koa-compose": {
			"version": "4.1.0",
			"license": "MIT"
		},
		"node_modules/koa-convert": {
			"version": "2.0.0",
			"license": "MIT",
			"dependencies": {
				"co": "^4.6.0",
				"koa-compose": "^4.1.0"
			},
			"engines": {
				"node": ">= 10"
			}
		},
		"node_modules/koa-send": {
			"version": "5.0.1",
			"license": "MIT",
			"dependencies": {
				"debug": "^4.1.1",
				"http-errors": "^1.7.3",
				"resolve-path": "^1.4.0"
			},
			"engines": {
				"node": ">= 8"
			}
		},
		"node_modules/koa-static": {
			"version": "5.0.0",
			"license": "MIT",
			"dependencies": {
				"debug": "^3.1.0",
				"koa-send": "^5.0.0"
			},
			"engines": {
				"node": ">= 7.6.0"
			}
		},
		"node_modules/koa-static/node_modules/debug": {
			"version": "3.2.7",
			"license": "MIT",
			"dependencies": {
				"ms": "^2.1.1"
			}
		},
		"node_modules/marked": {
			"version": "12.0.2",
			"license": "MIT",
			"bin": {
				"marked": "bin/marked.js"
			},
			"engines": {
				"node": ">= 18"
			}
		},
		"node_modules/math-intrinsics": {
			"version": "1.1.0",
			"license": "MIT",
			"engines": {
				"node": ">= 0.4"
			}
		},
		"node_modules/media-typer": {
			"version": "0.3.0",
			"license": "MIT",
			"engines": {
				"node": ">= 0.6"
			}
		},
		"node_modules/mime-db": {
			"version": "1.52.0",
			"license": "MIT",
			"engines": {
				"node": ">= 0.6"
			}
		},
		"node_modules/mime-types": {
			"version": "2.1.35",
			"license": "MIT",
			"dependencies": {
				"mime-db": "1.52.0"
			},
			"engines": {
				"node": ">= 0.6"
			}
		},
		"node_modules/ms": {
			"version": "2.1.3",
			"license": "MIT"
		},
		"node_modules/negotiator": {
			"version": "0.6.3",
			"license": "MIT",
			"engines": {
				"node": ">= 0.6"
			}
		},
		"node_modules/on-finished": {
			"version": "2.4.1",
			"license": "MIT",
			"dependencies": {
				"ee-first": "1.1.1"
			},
			"engines": {
				"node": ">= 0.8"
			}
		},
		"node_modules/only": {
			"version": "0.0.2"
		},
		"node_modules/parseurl": {
			"version": "1.3.3",
			"license": "MIT",
			"engines": {
				"node": ">= 0.8"
			}
		},
		"node_modules/path-is-absolute": {
			"version": "1.0.1",
			"license": "MIT",
			"engines": {
				"node": ">=0.10.0"
			}
		},
		"node_modules/resolve-path": {
			"version": "1.4.0",
			"license": "MIT",
			"dependencies": {
				"http-errors": "~1.6.2",
				"path-is-absolute": "1.0.1"
			},
			"engines": {
				"node": ">= 0.8"
			}
		},
		"node_modules/resolve-path/node_modules/http-errors": {
			"version": "1.6.3",
			"license": "MIT",
			"dependencies": {
				"depd": "~1.1.2",
				"inherits": "2.0.3",
				"setprototypeof": "1.1.0",
				"statuses": ">= 1.4.0 < 2"
			},
			"engines": {
				"node": ">= 0.6"
			}
		},
		"node_modules/resolve-path/node_modules/http-errors/node_modules/depd": {
			"version": "1.1.2",
			"license": "MIT",
			"engines": {
				"node": ">= 0.6"
			}
		},
		"node_modules/resolve-path/node_modules/http-errors/node_modules/inherits": {
			"version": "2.0.3",
			"license": "ISC"
		},
		"node_modules/resolve-path/node_modules/http-errors/node_modules/setprototypeof": {
			"version": "1.1.0",
			"license": "ISC"
		},
		"node_modules/safe-buffer": {
			"version": "5.2.1",
			"funding": [
				{
					"type": "github",
					"url": "https://github.com/sponsors/feross"
				},
				{
					"type": "patreon",
					"url": "https://www.patreon.com/feross"
				},
				{
					"type": "consulting",
					"url": "https://feross.org/support"
				}
			],
			"license": "MIT"
		},
		"node_modules/safe-regex-test": {
			"version": "1.1.0",
			"license": "MIT",
			"dependencies": {
				"call-bound": "^1.0.2",
				"es-errors": "^1.3.0",
				"is-regex": "^1.2.1"
			},
			"engines": {
				"node": ">= 0.4"
			},
			"funding": {
				"url": "https://github.com/sponsors/ljharb"
			}
		},
		"node_modules/setprototypeof": {
			"version": "1.2.0",
			"license": "ISC"
		},
		"node_modules/statuses": {
			"version": "1.5.0",
			"license": "MIT",
			"engines": {
				"node": ">= 0.6"
			}
		},
		"node_modules/toidentifier": {
			"version": "1.0.1",
			"license": "MIT",
			"engines": {
				"node": ">=0.6"
			}
		},
		"node_modules/tsscmp": {
			"version": "1.0.6",
			"license": "MIT",
			"engines": {
				"node": ">=0.6.x"
			}
		},
		"node_modules/type-is": {
			"version": "1.6.18",
			"license": "MIT",
			"dependencies": {
				"media-typer": "0.3.0",
				"mime-types": "~2.1.24"
			},
			"engines": {
				"node": ">= 0.6"
			}
		},
		"node_modules/typescript": {
			"version": "5.9.3",
			"dev": true,
			"license": "Apache-2.0",
			"bin": {
				"tsc": "bin/tsc",
				"tsserver": "bin/tsserver"
			},
			"engines": {
				"node": ">=14.17"
			}
		},
		"node_modules/undici-types": {
			"version": "6.21.0",
			"resolved": "https://registry.npmjs.org/undici-types/-/undici-types-6.21.0.tgz",
			"integrity": "sha512-iwDZqg0QAGrg9Rav5H4n0M64c3mkR59cJ6wQp+7C4nI0gsmExaedaYLNO44eT4AtBBwjbTiGPMlt2Md0T9H9JQ==",
			"dev": true,
			"license": "MIT"
		},
		"node_modules/vary": {
			"version": "1.1.2",
			"license": "MIT",
			"engines": {
				"node": ">= 0.8"
			}
		},
		"node_modules/ylru": {
			"version": "1.4.0",
			"license": "MIT",
			"engines": {
				"node": ">= 4.0.0"
			}
		}
	}
}
